// !$*UTF8*$!
{
	archiveVersion = 1;
	classes = {
	};
	objectVersion = 46;
	objects = {

/* Begin PBXBuildFile section */
		6317CD6B1C8AA596007F78FD /* AppDelegate.swift in Sources */ = {isa = PBXBuildFile; fileRef = 6317CD6A1C8AA596007F78FD /* AppDelegate.swift */; };
		6317CD6D1C8AA596007F78FD /* ViewController.swift in Sources */ = {isa = PBXBuildFile; fileRef = 6317CD6C1C8AA596007F78FD /* ViewController.swift */; };
		6317CD701C8AA596007F78FD /* Main.storyboard in Resources */ = {isa = PBXBuildFile; fileRef = 6317CD6E1C8AA596007F78FD /* Main.storyboard */; };
		6317CD721C8AA596007F78FD /* Images.xcassets in Resources */ = {isa = PBXBuildFile; fileRef = 6317CD711C8AA596007F78FD /* Images.xcassets */; };
		6317CD751C8AA596007F78FD /* LaunchScreen.xib in Resources */ = {isa = PBXBuildFile; fileRef = 6317CD731C8AA596007F78FD /* LaunchScreen.xib */; };
		6317CD811C8AA596007F78FD /* runcoolTests.swift in Sources */ = {isa = PBXBuildFile; fileRef = 6317CD801C8AA596007F78FD /* runcoolTests.swift */; };
/* End PBXBuildFile section */

/* Begin PBXContainerItemProxy section */
		6317CD7B1C8AA596007F78FD /* PBXContainerItemProxy */ = {
			isa = PBXContainerItemProxy;
			containerPortal = 6317CD5D1C8AA596007F78FD /* Project object */;
			proxyType = 1;
			remoteGlobalIDString = 6317CD641C8AA596007F78FD;
			remoteInfo = runcool;
		};
/* End PBXContainerItemProxy section */

/* Begin PBXFileReference section */
		6317CD651C8AA596007F78FD /* runcool.app */ = {isa = PBXFileReference; explicitFileType = wrapper.application; includeInIndex = 0; path = runcool.app; sourceTree = BUILT_PRODUCTS_DIR; };
		6317CD691C8AA596007F78FD /* Info.plist */ = {isa = PBXFileReference; lastKnownFileType = text.plist.xml; path = Info.plist; sourceTree = "<group>"; };
		6317CD6A1C8AA596007F78FD /* AppDelegate.swift */ = {isa = PBXFileReference; lastKnownFileType = sourcecode.swift; path = AppDelegate.swift; sourceTree = "<group>"; };
		6317CD6C1C8AA596007F78FD /* ViewController.swift */ = {isa = PBXFileReference; lastKnownFileType = sourcecode.swift; path = ViewController.swift; sourceTree = "<group>"; };
		6317CD6F1C8AA596007F78FD /* Base */ = {isa = PBXFileReference; lastKnownFileType = file.storyboard; name = Base; path = Base.lproj/Main.storyboard; sourceTree = "<group>"; };
		6317CD711C8AA596007F78FD /* Images.xcassets */ = {isa = PBXFileReference; lastKnownFileType = folder.assetcatalog; path = Images.xcassets; sourceTree = "<group>"; };
		6317CD741C8AA596007F78FD /* Base */ = {isa = PBXFileReference; lastKnownFileType = file.xib; name = Base; path = Base.lproj/LaunchScreen.xib; sourceTree = "<group>"; };
		6317CD7A1C8AA596007F78FD /* runcoolTests.xctest */ = {isa = PBXFileReference; explicitFileType = wrapper.cfbundle; includeInIndex = 0; path = runcoolTests.xctest; sourceTree = BUILT_PRODUCTS_DIR; };
		6317CD7F1C8AA596007F78FD /* Info.plist */ = {isa = PBXFileReference; lastKnownFileType = text.plist.xml; path = Info.plist; sourceTree = "<group>"; };
		6317CD801C8AA596007F78FD /* runcoolTests.swift */ = {isa = PBXFileReference; lastKnownFileType = sourcecode.swift; path = runcoolTests.swift; sourceTree = "<group>"; };
/* End PBXFileReference section */

/* Begin PBXFrameworksBuildPhase section */
		6317CD621C8AA596007F78FD /* Frameworks */ = {
			isa = PBXFrameworksBuildPhase;
			buildActionMask = 2147483647;
			files = (
			);
			runOnlyForDeploymentPostprocessing = 0;
		};
		6317CD771C8AA596007F78FD /* Frameworks */ = {
			isa = PBXFrameworksBuildPhase;
			buildActionMask = 2147483647;
			files = (
			);
			runOnlyForDeploymentPostprocessing = 0;
		};
/* End PBXFrameworksBuildPhase section */

/* Begin PBXGroup section */
		6317CD5C1C8AA596007F78FD = {
			isa = PBXGroup;
			children = (
				6317CD671C8AA596007F78FD /* runcool */,
				6317CD7D1C8AA596007F78FD /* runcoolTests */,
				6317CD661C8AA596007F78FD /* Products */,
			);
			sourceTree = "<group>";
		};
		6317CD661C8AA596007F78FD /* Products */ = {
			isa = PBXGroup;
			children = (
				6317CD651C8AA596007F78FD /* runcool.app */,
				6317CD7A1C8AA596007F78FD /* runcoolTests.xctest */,
			);
			name = Products;
			sourceTree = "<group>";
		};
		6317CD671C8AA596007F78FD /* runcool */ = {
			isa = PBXGroup;
			children = (
				6317CD6A1C8AA596007F78FD /* AppDelegate.swift */,
				6317CD6C1C8AA596007F78FD /* ViewController.swift */,
				6317CD6E1C8AA596007F78FD /* Main.storyboard */,
				6317CD711C8AA596007F78FD /* Images.xcassets */,
				6317CD731C8AA596007F78FD /* LaunchScreen.xib */,
				6317CD681C8AA596007F78FD /* Supporting Files */,
			);
			path = runcool;
			sourceTree = "<group>";
		};
		6317CD681C8AA596007F78FD /* Supporting Files */ = {
			isa = PBXGroup;
			children = (
				6317CD691C8AA596007F78FD /* Info.plist */,
			);
			name = "Supporting Files";
			sourceTree = "<group>";
		};
		6317CD7D1C8AA596007F78FD /* runcoolTests */ = {
			isa = PBXGroup;
			children = (
				6317CD801C8AA596007F78FD /* runcoolTests.swift */,
				6317CD7E1C8AA596007F78FD /* Supporting Files */,
			);
			path = runcoolTests;
			sourceTree = "<group>";
		};
		6317CD7E1C8AA596007F78FD /* Supporting Files */ = {
			isa = PBXGroup;
			children = (
				6317CD7F1C8AA596007F78FD /* Info.plist */,
			);
			name = "Supporting Files";
			sourceTree = "<group>";
		};
/* End PBXGroup section */

/* Begin PBXNativeTarget section */
		6317CD641C8AA596007F78FD /* runcool */ = {
			isa = PBXNativeTarget;
			buildConfigurationList = 6317CD841C8AA596007F78FD /* Build configuration list for PBXNativeTarget "runcool" */;
			buildPhases = (
				6317CD611C8AA596007F78FD /* Sources */,
				6317CD621C8AA596007F78FD /* Frameworks */,
				6317CD631C8AA596007F78FD /* Resources */,
			);
			buildRules = (
			);
			dependencies = (
			);
			name = runcool;
			productName = runcool;
			productReference = 6317CD651C8AA596007F78FD /* runcool.app */;
			productType = "com.apple.product-type.application";
		};
		6317CD791C8AA596007F78FD /* runcoolTests */ = {
			isa = PBXNativeTarget;
			buildConfigurationList = 6317CD871C8AA596007F78FD /* Build configuration list for PBXNativeTarget "runcoolTests" */;
			buildPhases = (
				6317CD761C8AA596007F78FD /* Sources */,
				6317CD771C8AA596007F78FD /* Frameworks */,
				6317CD781C8AA596007F78FD /* Resources */,
			);
			buildRules = (
			);
			dependencies = (
				6317CD7C1C8AA596007F78FD /* PBXTargetDependency */,
			);
			name = runcoolTests;
			productName = runcoolTests;
			productReference = 6317CD7A1C8AA596007F78FD /* runcoolTests.xctest */;
			productType = "com.apple.product-type.bundle.unit-test";
		};
/* End PBXNativeTarget section */

/* Begin PBXProject section */
		6317CD5D1C8AA596007F78FD /* Project object */ = {
			isa = PBXProject;
			attributes = {
				LastUpgradeCheck = 0640;
				ORGANIZATIONNAME = David;
				TargetAttributes = {
					6317CD641C8AA596007F78FD = {
						CreatedOnToolsVersion = 6.4;
					};
					6317CD791C8AA596007F78FD = {
						CreatedOnToolsVersion = 6.4;
						TestTargetID = 6317CD641C8AA596007F78FD;
					};
				};
			};
			buildConfigurationList = 6317CD601C8AA596007F78FD /* Build configuration list for PBXProject "runcool" */;
			compatibilityVersion = "Xcode 3.2";
			developmentRegion = English;
			hasScannedForEncodings = 0;
			knownRegions = (
				en,
				Base,
			);
			mainGroup = 6317CD5C1C8AA596007F78FD;
			productRefGroup = 6317CD661C8AA596007F78FD /* Products */;
			projectDirPath = "";
			projectRoot = "";
			targets = (
				6317CD641C8AA596007F78FD /* runcool */,
				6317CD791C8AA596007F78FD /* runcoolTests */,
			);
		};
/* End PBXProject section */

/* Begin PBXResourcesBuildPhase section */
		6317CD631C8AA596007F78FD /* Resources */ = {
			isa = PBXResourcesBuildPhase;
			buildActionMask = 2147483647;
			files = (
				6317CD701C8AA596007F78FD /* Main.storyboard in Resources */,
				6317CD751C8AA596007F78FD /* LaunchScreen.xib in Resources */,
				6317CD721C8AA596007F78FD /* Images.xcassets in Resources */,
			);
			runOnlyForDeploymentPostprocessing = 0;
		};
		6317CD781C8AA596007F78FD /* Resources */ = {
			isa = PBXResourcesBuildPhase;
			buildActionMask = 2147483647;
			files = (
			);
			runOnlyForDeploymentPostprocessing = 0;
		};
/* End PBXResourcesBuildPhase section */

/* Begin PBXSourcesBuildPhase section */
		6317CD611C8AA596007F78FD /* Sources */ = {
			isa = PBXSourcesBuildPhase;
			buildActionMask = 2147483647;
			files = (
				6317CD6D1C8AA596007F78FD /* ViewController.swift in Sources */,
				6317CD6B1C8AA596007F78FD /* AppDelegate.swift in Sources */,
			);
			runOnlyForDeploymentPostprocessing = 0;
		};
		6317CD761C8AA596007F78FD /* Sources */ = {
			isa = PBXSourcesBuildPhase;
			buildActionMask = 2147483647;
			files = (
				6317CD811C8AA596007F78FD /* runcoolTests.swift in Sources */,
			);
			runOnlyForDeploymentPostprocessing = 0;
		};
/* End PBXSourcesBuildPhase section */

/* Begin PBXTargetDependency section */
		6317CD7C1C8AA596007F78FD /* PBXTargetDependency */ = {
			isa = PBXTargetDependency;
			target = 6317CD641C8AA596007F78FD /* runcool */;
			targetProxy = 6317CD7B1C8AA596007F78FD /* PBXContainerItemProxy */;
		};
/* End PBXTargetDependency section */

/* Begin PBXVariantGroup section */
		6317CD6E1C8AA596007F78FD /* Main.storyboard */ = {
			isa = PBXVariantGroup;
			children = (
				6317CD6F1C8AA596007F78FD /* Base */,
			);
			name = Main.storyboard;
			sourceTree = "<group>";
		};
		6317CD731C8AA596007F78FD /* LaunchScreen.xib */ = {
			isa = PBXVariantGroup;
			children = (
				6317CD741C8AA596007F78FD /* Base */,
			);
			name = LaunchScreen.xib;
			sourceTree = "<group>";
		};
/* End PBXVariantGroup section */

/* Begin XCBuildConfiguration section */
		6317CD821C8AA596007F78FD /* Debug */ = {
			isa = XCBuildConfiguration;
			buildSettings = {
				ALWAYS_SEARCH_USER_PATHS = NO;
				CLANG_CXX_LANGUAGE_STANDARD = "gnu++0x";
				CLANG_CXX_LIBRARY = "libc++";
				CLANG_ENABLE_MODULES = YES;
				CLANG_ENABLE_OBJC_ARC = YES;
				CLANG_WARN_BOOL_CONVERSION = YES;
				CLANG_WARN_CONSTANT_CONVERSION = YES;
				CLANG_WARN_DIRECT_OBJC_ISA_USAGE = YES_ERROR;
				CLANG_WARN_EMPTY_BODY = YES;
				CLANG_WARN_ENUM_CONVERSION = YES;
				CLANG_WARN_INT_CONVERSION = YES;
				CLANG_WARN_OBJC_ROOT_CLASS = YES_ERROR;
				CLANG_WARN_UNREACHABLE_CODE = YES;
				CLANG_WARN__DUPLICATE_METHOD_MATCH = YES;
				"CODE_SIGN_IDENTITY[sdk=iphoneos*]" = "iPhone Developer";
				COPY_PHASE_STRIP = NO;
				DEBUG_INFORMATION_FORMAT = "dwarf-with-dsym";
				ENABLE_STRICT_OBJC_MSGSEND = YES;
				GCC_C_LANGUAGE_STANDARD = gnu99;
				GCC_DYNAMIC_NO_PIC = NO;
				GCC_NO_COMMON_BLOCKS = YES;
				GCC_OPTIMIZATION_LEVEL = 0;
				GCC_PREPROCESSOR_DEFINITIONS = (
					"DEBUG=1",
					"$(inherited)",
				);
				GCC_SYMBOLS_PRIVATE_EXTERN = NO;
				GCC_WARN_64_TO_32_BIT_CONVERSION = YES;
				GCC_WARN_ABOUT_RETURN_TYPE = YES_ERROR;
				GCC_WARN_UNDECLARED_SELECTOR = YES;
				GCC_WARN_UNINITIALIZED_AUTOS = YES_AGGRESSIVE;
				GCC_WARN_UNUSED_FUNCTION = YES;
				GCC_WARN_UNUSED_VARIABLE = YES;
				IPHONEOS_DEPLOYMENT_TARGET = 8.4;
				MTL_ENABLE_DEBUG_INFO = YES;
				ONLY_ACTIVE_ARCH = YES;
				SDKROOT = iphoneos;
				SWIFT_OPTIMIZATION_LEVEL = "-Onone";
				TARGETED_DEVICE_FAMILY = "1,2";
			};
			name = Debug;
		};
		6317CD831C8AA596007F78FD /* Release */ = {
			isa = XCBuildConfiguration;
			buildSettings = {
				ALWAYS_SEARCH_USER_PATHS = NO;
				CLANG_CXX_LANGUAGE_STANDARD = "gnu++0x";
				CLANG_CXX_LIBRARY = "libc++";
				CLANG_ENABLE_MODULES = YES;
				CLANG_ENABLE_OBJC_ARC = YES;
				CLANG_WARN_BOOL_CONVERSION = YES;
				CLANG_WARN_CONSTANT_CONVERSION = YES;
				CLANG_WARN_DIRECT_OBJC_ISA_USAGE = YES_ERROR;
				CLANG_WARN_EMPTY_BODY = YES;
				CLANG_WARN_ENUM_CONVERSION = YES;
				CLANG_WARN_INT_CONVERSION = YES;
				CLANG_WARN_OBJC_ROOT_CLASS = YES_ERROR;
				CLANG_WARN_UNREACHABLE_CODE = YES;
				CLANG_WARN__DUPLICATE_METHOD_MATCH = YES;
				"CODE_SIGN_IDENTITY[sdk=iphoneos*]" = "iPhone Developer";
				COPY_PHASE_STRIP = NO;
				DEBUG_INFORMATION_FORMAT = "dwarf-with-dsym";
				ENABLE_NS_ASSERTIONS = NO;
				ENABLE_STRICT_OBJC_MSGSEND = YES;
				GCC_C_LANGUAGE_STANDARD = gnu99;
				GCC_NO_COMMON_BLOCKS = YES;
				GCC_WARN_64_TO_32_BIT_CONVERSION = YES;
				GCC_WARN_ABOUT_RETURN_TYPE = YES_ERROR;
				GCC_WARN_UNDECLARED_SELECTOR = YES;
				GCC_WARN_UNINITIALIZED_AUTOS = YES_AGGRESSIVE;
				GCC_WARN_UNUSED_FUNCTION = YES;
				GCC_WARN_UNUSED_VARIABLE = YES;
				IPHONEOS_DEPLOYMENT_TARGET = 8.4;
				MTL_ENABLE_DEBUG_INFO = NO;
				SDKROOT = iphoneos;
				TARGETED_DEVICE_FAMILY = "1,2";
				VALIDATE_PRODUCT = YES;
			};
			name = Release;
		};
		6317CD851C8AA596007F78FD /* Debug */ = {
			isa = XCBuildConfiguration;
			buildSettings = {
				ASSETCATALOG_COMPILER_APPICON_NAME = AppIcon;
				ASSETCATALOG_COMPILER_LAUNCHIMAGE_NAME = LaunchImage;
				INFOPLIST_FILE = runcool/Info.plist;
				IPHONEOS_DEPLOYMENT_TARGET = 7.0;
				LD_RUNPATH_SEARCH_PATHS = "$(inherited) @executable_path/Frameworks";
				PRODUCT_NAME = "$(TARGET_NAME)";
			};
			name = Debug;
		};
		6317CD861C8AA596007F78FD /* Release */ = {
			isa = XCBuildConfiguration;
			buildSettings = {
				ASSETCATALOG_COMPILER_APPICON_NAME = AppIcon;
				ASSETCATALOG_COMPILER_LAUNCHIMAGE_NAME = LaunchImage;
				INFOPLIST_FILE = runcool/Info.plist;
				IPHONEOS_DEPLOYMENT_TARGET = 7.0;
				LD_RUNPATH_SEARCH_PATHS = "$(inherited) @executable_path/Frameworks";
				PRODUCT_NAME = "$(TARGET_NAME)";
			};
			name = Release;
		};
		6317CD881C8AA596007F78FD /* Debug */ = {
			isa = XCBuildConfiguration;
			buildSettings = {
				BUNDLE_LOADER = "$(TEST_HOST)";
				FRAMEWORK_SEARCH_PATHS = (
					"$(SDKROOT)/Developer/Library/Frameworks",
					"$(inherited)",
				);
				GCC_PREPROCESSOR_DEFINITIONS = (
					"DEBUG=1",
					"$(inherited)",
				);
				INFOPLIST_FILE = runcoolTests/Info.plist;
				LD_RUNPATH_SEARCH_PATHS = "$(inherited) @executable_path/Frameworks @loader_path/Frameworks";
				PRODUCT_NAME = "$(TARGET_NAME)";
				TEST_HOST = "$(BUILT_PRODUCTS_DIR)/runcool.app/runcool";
			};
			name = Debug;
		};
		6317CD891C8AA596007F78FD /* Release */ = {
			isa = XCBuildConfiguration;
			buildSettings = {
				BUNDLE_LOADER = "$(TEST_HOST)";
				FRAMEWORK_SEARCH_PATHS = (
					"$(SDKROOT)/Developer/Library/Frameworks",
					"$(inherited)",
				);
				INFOPLIST_FILE = runcoolTests/Info.plist;
				LD_RUNPATH_SEARCH_PATHS = "$(inherited) @executable_path/Frameworks @loader_path/Frameworks";
				PRODUCT_NAME = "$(TARGET_NAME)";
				TEST_HOST = "$(BUILT_PRODUCTS_DIR)/runcool.app/runcool";
			};
			name = Release;
		};
/* End XCBuildConfiguration section */

/* Begin XCConfigurationList section */
		6317CD601C8AA596007F78FD /* Build configuration list for PBXProject "runcool" */ = {
			isa = XCConfigurationList;
			buildConfigurations = (
				6317CD821C8AA596007F78FD /* Debug */,
				6317CD831C8AA596007F78FD /* Release */,
			);
			defaultConfigurationIsVisible = 0;
			defaultConfigurationName = Release;
		};
		6317CD841C8AA596007F78FD /* Build configuration list for PBXNativeTarget "runcool" */ = {
			isa = XCConfigurationList;
			buildConfigurations = (
				6317CD851C8AA596007F78FD /* Debug */,
				6317CD861C8AA596007F78FD /* Release */,
			);
			defaultConfigurationIsVisible = 0;
		};
		6317CD871C8AA596007F78FD /* Build configuration list for PBXNativeTarget "runcoolTests" */ = {
			isa = XCConfigurationList;
			buildConfigurations = (
				6317CD881C8AA596007F78FD /* Debug */,
				6317CD891C8AA596007F78FD /* Release */,
			);
			defaultConfigurationIsVisible = 0;
		};
/* End XCConfigurationList section */
	};
	rootObject = 6317CD5D1C8AA596007F78FD /* Project object */;
}
